{
  "nodes": {
    "nixpkgs": {
      "locked": {
        "lastModified": 1650244918,
        "narHash": "sha256-DsS5nxjTpnoUC4pNXJI1rit7TnDTij8vQDa5PtcDCD0=",
        "owner": "NixOS",
        "repo": "nixpkgs",
        "rev": "7b38b03d76ab71bdc8dc325e3f6338d984cc35ca",
        "type": "github"
      },
      "original": {
        "owner": "NixOS",
        "ref": "nixos-21.11",
        "repo": "nixpkgs",
        "type": "github"
      }
    },
    "root": {
      "inputs": {
        "nixpkgs": "nixpkgs"
      }
    }
  },
  "root": "root",
  "version": 7
}
