{
  "nodes": {
    "nixpkgs": {
      "locked": {
        "lastModified": 1636698608,
        "narHash": "sha256-sxLLeQmH3UrP3UANqXzMLE0bPDgY5aIt04iBoPffG2E=",
        "owner": "NixOS",
        "repo": "nixpkgs",
        "rev": "92c881b6a72abce5bb2f5db3f903b4871d13aaa9",
        "type": "github"
      },
      "original": {
        "owner": "NixOS",
        "ref": "master",
        "repo": "nixpkgs",
        "type": "github"
      }
    },
    "root": {
      "inputs": {
        "nixpkgs": "nixpkgs"
      }
    }
  },
  "root": "root",
  "version": 7
}
